
Microsoft Visual Studio Solution File, Format Version 12.00
# Visual Studio 15
VisualStudioVersion = 15.0.28307.168
MinimumVisualStudioVersion = 10.0.40219.1
Project("{9A19103F-16F7-4668-BE54-9A1E7A4F7556}") = "Essentials.Abstractions", "src\Essentials.Abstractions\Essentials.Abstractions.csproj", "{99AB6045-CD32-49A7-B85E-EACB45ECEA3D}"
EndProject
Project("{9A19103F-16F7-4668-BE54-9A1E7A4F7556}") = "Essentials", "src\Essentials\Essentials.csproj", "{EAF4CA7A-ADAA-4847-8FDF-266FA93A490D}"
EndProject
Project("{2150E333-8FDC-42A3-9474-1A3956D46DE8}") = ".solution", ".solution", "{42A8691D-E96C-4E13-9508-1CB69E4F68D0}"
ProjectSection(SolutionItems) = preProject
	analyzers.ruleset = analyzers.ruleset
	azure-pipelines.yml = azure-pipelines.yml
	build.ps1 = build.ps1
	cakefile.cake = cakefile.cake
	common.build.props = common.build.props
	common.build.targets = common.build.targets
	GitVersion.yml = GitVersion.yml
	stylecop.json = stylecop.json
EndProjectSection
EndProject
Global
	GlobalSection(SolutionConfigurationPlatforms) = preSolution
		Debug|Any CPU = Debug|Any CPU
		Release|Any CPU = Release|Any CPU
	EndGlobalSection
	GlobalSection(ProjectConfigurationPlatforms) = postSolution
		{99AB6045-CD32-49A7-B85E-EACB45ECEA3D}.Debug|Any CPU.ActiveCfg = Debug|Any CPU
		{99AB6045-CD32-49A7-B85E-EACB45ECEA3D}.Debug|Any CPU.Build.0 = Debug|Any CPU
		{99AB6045-CD32-49A7-B85E-EACB45ECEA3D}.Release|Any CPU.ActiveCfg = Release|Any CPU
		{99AB6045-CD32-49A7-B85E-EACB45ECEA3D}.Release|Any CPU.Build.0 = Release|Any CPU
		{EAF4CA7A-ADAA-4847-8FDF-266FA93A490D}.Debug|Any CPU.ActiveCfg = Debug|Any CPU
		{EAF4CA7A-ADAA-4847-8FDF-266FA93A490D}.Debug|Any CPU.Build.0 = Debug|Any CPU
		{EAF4CA7A-ADAA-4847-8FDF-266FA93A490D}.Release|Any CPU.ActiveCfg = Release|Any CPU
		{EAF4CA7A-ADAA-4847-8FDF-266FA93A490D}.Release|Any CPU.Build.0 = Release|Any CPU
	EndGlobalSection
	GlobalSection(SolutionProperties) = preSolution
		HideSolutionNode = FALSE
	EndGlobalSection
	GlobalSection(ExtensibilityGlobals) = postSolution
		SolutionGuid = {8EAA1BF1-7186-4B65-A10C-945779498E78}
	EndGlobalSection
EndGlobal
